
Microsoft Visual Studio Solution File, Format Version 12.00
# Visual Studio Version 17
VisualStudioVersion = 17.9.34728.123
MinimumVisualStudioVersion = 10.0.40219.1
Project("{FAE04EC0-301F-11D3-BF4B-00C04F79EFBC}") = "MvcPeliculasApiAWS", "MvcPeliculasApiAWS\MvcPeliculasApiAWS.csproj", "{E2B9DD30-081E-4240-8F01-2AA1533875A3}"
EndProject
Global
	GlobalSection(SolutionConfigurationPlatforms) = preSolution
		Debug|Any CPU = Debug|Any CPU
		Release|Any CPU = Release|Any CPU
	EndGlobalSection
	GlobalSection(ProjectConfigurationPlatforms) = postSolution
		{E2B9DD30-081E-4240-8F01-2AA1533875A3}.Debug|Any CPU.ActiveCfg = Debug|Any CPU
		{E2B9DD30-081E-4240-8F01-2AA1533875A3}.Debug|Any CPU.Build.0 = Debug|Any CPU
		{E2B9DD30-081E-4240-8F01-2AA1533875A3}.Release|Any CPU.ActiveCfg = Release|Any CPU
		{E2B9DD30-081E-4240-8F01-2AA1533875A3}.Release|Any CPU.Build.0 = Release|Any CPU
	EndGlobalSection
	GlobalSection(SolutionProperties) = preSolution
		HideSolutionNode = FALSE
	EndGlobalSection
	GlobalSection(ExtensibilityGlobals) = postSolution
		SolutionGuid = {A0A6BB6A-9E0C-41AD-875D-113F70887DBE}
	EndGlobalSection
EndGlobal
